
Microsoft Visual Studio Solution File, Format Version 12.00
# Visual Studio Version 17
VisualStudioVersion = 17.0.31903.59
MinimumVisualStudioVersion = 10.0.40219.1
Project("{2150E333-8FDC-42A3-9474-1A3956D46DE8}") = "src", "src", "{8F5BCB12-CD41-447A-8495-A1A18C2A9478}"
EndProject
Project("{FAE04EC0-301F-11D3-BF4B-00C04F79EFBC}") = "GroupDocs.Annotation.Mcp", "GroupDocs.Annotation.Mcp\GroupDocs.Annotation.Mcp.csproj", "{E2208E76-5588-42EA-8CF4-D80B134580D0}"
EndProject
Project("{2150E333-8FDC-42A3-9474-1A3956D46DE8}") = "tests", "tests", "{940EF647-4B20-400F-8A56-0ED9E4E2D02A}"
EndProject
Project("{FAE04EC0-301F-11D3-BF4B-00C04F79EFBC}") = "GroupDocs.Annotation.Mcp.Tests", "GroupDocs.Annotation.Mcp.Tests\GroupDocs.Annotation.Mcp.Tests.csproj", "{183F8944-E4BC-4635-B8F6-0D782CEDC741}"
EndProject
Global
	GlobalSection(SolutionConfigurationPlatforms) = preSolution
		Debug|Any CPU = Debug|Any CPU
		Release|Any CPU = Release|Any CPU
	EndGlobalSection
	GlobalSection(ProjectConfigurationPlatforms) = postSolution
		{E2208E76-5588-42EA-8CF4-D80B134580D0}.Debug|Any CPU.ActiveCfg = Debug|Any CPU
		{E2208E76-5588-42EA-8CF4-D80B134580D0}.Debug|Any CPU.Build.0 = Debug|Any CPU
		{E2208E76-5588-42EA-8CF4-D80B134580D0}.Release|Any CPU.ActiveCfg = Release|Any CPU
		{E2208E76-5588-42EA-8CF4-D80B134580D0}.Release|Any CPU.Build.0 = Release|Any CPU
		{183F8944-E4BC-4635-B8F6-0D782CEDC741}.Debug|Any CPU.ActiveCfg = Debug|Any CPU
		{183F8944-E4BC-4635-B8F6-0D782CEDC741}.Debug|Any CPU.Build.0 = Debug|Any CPU
		{183F8944-E4BC-4635-B8F6-0D782CEDC741}.Release|Any CPU.ActiveCfg = Release|Any CPU
		{183F8944-E4BC-4635-B8F6-0D782CEDC741}.Release|Any CPU.Build.0 = Release|Any CPU
	EndGlobalSection
	GlobalSection(NestedProjects) = preSolution
		{E2208E76-5588-42EA-8CF4-D80B134580D0} = {8F5BCB12-CD41-447A-8495-A1A18C2A9478}
		{183F8944-E4BC-4635-B8F6-0D782CEDC741} = {940EF647-4B20-400F-8A56-0ED9E4E2D02A}
	EndGlobalSection
	GlobalSection(SolutionProperties) = preSolution
		HideSolutionNode = FALSE
	EndGlobalSection
EndGlobal
